
Microsoft Visual Studio Solution File, Format Version 12.00
# Visual Studio Version 16
VisualStudioVersion = 16.0.32802.440
MinimumVisualStudioVersion = 10.0.40219.1
Project("{FAE04EC0-301F-11D3-BF4B-00C04F79EFBC}") = "TodlerGame2", "TodlerGame2\TodlerGame2.csproj", "{0D3B2B9F-CECE-478E-8000-35BAC1F07691}"
EndProject
Global
	GlobalSection(SolutionConfigurationPlatforms) = preSolution
		Debug|Any CPU = Debug|Any CPU
		Release|Any CPU = Release|Any CPU
	EndGlobalSection
	GlobalSection(ProjectConfigurationPlatforms) = postSolution
		{0D3B2B9F-CECE-478E-8000-35BAC1F07691}.Debug|Any CPU.ActiveCfg = Debug|Any CPU
		{0D3B2B9F-CECE-478E-8000-35BAC1F07691}.Debug|Any CPU.Build.0 = Debug|Any CPU
		{0D3B2B9F-CECE-478E-8000-35BAC1F07691}.Release|Any CPU.ActiveCfg = Release|Any CPU
		{0D3B2B9F-CECE-478E-8000-35BAC1F07691}.Release|Any CPU.Build.0 = Release|Any CPU
	EndGlobalSection
	GlobalSection(SolutionProperties) = preSolution
		HideSolutionNode = FALSE
	EndGlobalSection
	GlobalSection(ExtensibilityGlobals) = postSolution
		SolutionGuid = {3E42F5EC-056E-42F6-AAAD-90B018EB9985}
	EndGlobalSection
EndGlobal
